{
  "name": "smp-ziwei-service",
  "version": "0.1.0",
  "lockfileVersion": 3,
  "requires": true,
  "packages": {
    "": {
      "name": "smp-ziwei-service",
      "version": "0.1.0",
      "dependencies": {
        "iztro": "2.6.1"
      },
      "devDependencies": {
        "@types/node": "^22.15.0",
        "typescript": "^5.9.0"
      }
    },
    "node_modules/@babel/runtime": {
      "version": "7.29.7",
      "resolved": "https://registry.npmjs.org/@babel/runtime/-/runtime-7.29.7.tgz",
      "integrity": "sha512-Nq8OhGWiZIZGV6hLHoyAKLLcJihP/xFeBMGJoUrxTX2psI8dCifzLhZISFb+VWS3wFMRDmCGw5R+dOySCqPLhw==",
      "license": "MIT",
      "engines": {
        "node": ">=6.9.0"
      }
    },
    "node_modules/@types/node": {
      "version": "22.20.4",
      "resolved": "https://registry.npmjs.org/@types/node/-/node-22.20.4.tgz",
      "integrity": "sha512-zJRE40jpHtKqE/C4fgHrAKQLJuSpzEnP9ff9Y7YtoR3Wd2pwqzlekDeEuUQXjRd+QCYnVnNwuJYmhdk9XV8gvA==",
      "dev": true,
      "license": "MIT",
      "dependencies": {
        "undici-types": "~6.21.0"
      }
    },
    "node_modules/dayjs": {
      "version": "1.11.23",
      "resolved": "https://registry.npmjs.org/dayjs/-/dayjs-1.11.23.tgz",
      "integrity": "sha512-QDTCU0M0MxR3hQfnlDJfwekQiaanm1ubOD231u73WBckQ/fsamwRLiE2GBz6D3a/xF1NgfiDLJjXBa1hYOYTtQ==",
      "license": "MIT"
    },
    "node_modules/i18next": {
      "version": "23.16.8",
      "resolved": "https://registry.npmjs.org/i18next/-/i18next-23.16.8.tgz",
      "integrity": "sha512-06r/TitrM88Mg5FdUXAKL96dJMzgqLE5dv3ryBAra4KCwD9mJ4ndOTS95ZuymIGoE+2hzfdaMak2X11/es7ZWg==",
      "funding": [
        {
          "type": "individual",
          "url": "https://locize.com"
        },
        {
          "type": "individual",
          "url": "https://locize.com/i18next.html"
        },
        {
          "type": "individual",
          "url": "https://www.i18next.com/how-to/faq#i18next-is-awesome.-how-can-i-support-the-project"
        }
      ],
      "license": "MIT",
      "dependencies": {
        "@babel/runtime": "^7.23.2"
      }
    },
    "node_modules/iztro": {
      "version": "2.6.1",
      "resolved": "https://registry.npmjs.org/iztro/-/iztro-2.6.1.tgz",
      "integrity": "sha512-IvGE/xsiAgcFyePUYMA55K2SEtBb84kA4XzPJeSKOefrmoqGPDgi/yGVIeHp8FcfkCR1IIovhNpNDrxuamJKOQ==",
      "license": "MIT",
      "dependencies": {
        "dayjs": "^1.11.10",
        "i18next": "^23.5.1",
        "lunar-lite": "^0.2.8",
        "lunar-typescript": "^1.7.8"
      }
    },
    "node_modules/lunar-lite": {
      "version": "0.2.8",
      "resolved": "https://registry.npmjs.org/lunar-lite/-/lunar-lite-0.2.8.tgz",
      "integrity": "sha512-Y4tba4RaIFI0ikImJhgoEsyqtDE64lJIM3yFwRX01dbmagCDq7rNmpDQFrSFFy4WXeuywdRVFpIBoT1GGCEizw==",
      "license": "MIT",
      "dependencies": {
        "lunar-typescript": "^1.8.6"
      }
    },
    "node_modules/lunar-typescript": {
      "version": "1.8.6",
      "resolved": "https://registry.npmjs.org/lunar-typescript/-/lunar-typescript-1.8.6.tgz",
      "integrity": "sha512-5Eo4T/cnuXfrgO4k5LCpOGHIUOuz5hCF/IfNv0T29WY2shR36Hiz+ecN9WjnUuxUKhql9gbOkPaQoqLFKtPRNA==",
      "license": "MIT"
    },
    "node_modules/typescript": {
      "version": "5.9.3",
      "resolved": "https://registry.npmjs.org/typescript/-/typescript-5.9.3.tgz",
      "integrity": "sha512-jl1vZzPDinLr9eUt3J/t7V6FgNEw9QjvBPdysz9KfQDD41fQrC2Y4vKQdiaUpFT4bXlb1RHhLpp8wtm6M5TgSw==",
      "dev": true,
      "license": "Apache-2.0",
      "bin": {
        "tsc": "bin/tsc",
        "tsserver": "bin/tsserver"
      },
      "engines": {
        "node": ">=14.17"
      }
    },
    "node_modules/undici-types": {
      "version": "6.21.0",
      "resolved": "https://registry.npmjs.org/undici-types/-/undici-types-6.21.0.tgz",
      "integrity": "sha512-iwDZqg0QAGrg9Rav5H4n0M64c3mkR59cJ6wQp+7C4nI0gsmExaedaYLNO44eT4AtBBwjbTiGPMlt2Md0T9H9JQ==",
      "dev": true,
      "license": "MIT"
    }
  }
}
